{
  "name": "transporte-modelos",
  "version": "1.0.0",
  "lockfileVersion": 3,
  "requires": true,
  "packages": {
    "": {
      "name": "transporte-modelos",
      "version": "1.0.0",
      "license": "Private",
      "dependencies": {
        "transporte-modelos": "file:"
      }
    },
    "node_modules/transporte-modelos": {
      "resolved": "",
      "link": true
    }
  }
}
